
Microsoft Visual Studio Solution File, Format Version 12.00
# Visual Studio Version 17
VisualStudioVersion = 17.14.36623.8 d17.14
MinimumVisualStudioVersion = 10.0.40219.1
Project("{2150E333-8FDC-42A3-9474-1A3956D46DE8}") = "Task0", "Task0", "{02EA681E-C7D8-13C7-8484-4AC65E1B71E8}"
EndProject
Project("{FAE04EC0-301F-11D3-BF4B-00C04F79EFBC}") = "Tyuiu.MalkovaMS.Sprint5.Task0.V8", "Tyuiu.MalkovaMS.Sprint5.Task0.V8\Tyuiu.MalkovaMS.Sprint5.Task0.V8.csproj", "{E7F7405B-252D-4C55-8CA9-2B0B4C832AB5}"
EndProject
Project("{FAE04EC0-301F-11D3-BF4B-00C04F79EFBC}") = "Tyuiu.MalkovaMS.Sprint5.Task0.V8.Lib", "Tyuiu.MalkovaMS.Sprint5.Task0.V8.Lib\Tyuiu.MalkovaMS.Sprint5.Task0.V8.Lib.csproj", "{EB4B3B72-79D1-4DC2-A8E5-AA2724EEC70A}"
EndProject
Project("{FAE04EC0-301F-11D3-BF4B-00C04F79EFBC}") = "Tyuiu.MalkovaMS.Sprint5.Task0.V8.Test", "Tyuiu.MalkovaMS.Sprint5.Task0.V8.Test\Tyuiu.MalkovaMS.Sprint5.Task0.V8.Test.csproj", "{7A466C3A-51FD-449B-B77A-62BE12EF4122}"
EndProject
Project("{2150E333-8FDC-42A3-9474-1A3956D46DE8}") = "Task1", "Task1", "{0FCC15AD-6EF3-4C02-86A4-946DAD831B65}"
EndProject
Project("{2150E333-8FDC-42A3-9474-1A3956D46DE8}") = "Task2", "Task2", "{5FE29D05-E4DE-4AD7-B49B-D5A468C57B72}"
EndProject
Project("{2150E333-8FDC-42A3-9474-1A3956D46DE8}") = "Task3", "Task3", "{5BFC6687-E5AF-473A-8AA8-F9CE7C85B40B}"
EndProject
Project("{2150E333-8FDC-42A3-9474-1A3956D46DE8}") = "Task4", "Task4", "{10B3B0BA-1F43-4DC8-BC6E-D49F1C2EA402}"
EndProject
Project("{2150E333-8FDC-42A3-9474-1A3956D46DE8}") = "Task5", "Task5", "{A36C44F8-3C56-4B94-BA14-33C3E5033F44}"
EndProject
Project("{2150E333-8FDC-42A3-9474-1A3956D46DE8}") = "Task6", "Task6", "{9ECE7BA3-CB91-4005-A409-4D7311868FD4}"
EndProject
Project("{2150E333-8FDC-42A3-9474-1A3956D46DE8}") = "Task7", "Task7", "{AEA4FC4C-1733-43E6-89D0-0A0C6D74F235}"
EndProject
Project("{FAE04EC0-301F-11D3-BF4B-00C04F79EFBC}") = "Tyuiu.MalkovaMS.Sprint5.Task1.V10", "Tyuiu.MalkovaMS.Sprint5.Task1.V10\Tyuiu.MalkovaMS.Sprint5.Task1.V10.csproj", "{7B581277-48CD-4E1D-AD71-8A9F10B83EAE}"
EndProject
Project("{FAE04EC0-301F-11D3-BF4B-00C04F79EFBC}") = "Tyuiu.MalkovaMS.Sprint5.Task1.V10.Lib", "Tyuiu.MalkovaMS.Sprint5.Task1.V10.Lib\Tyuiu.MalkovaMS.Sprint5.Task1.V10.Lib.csproj", "{E5368AB2-1B63-4883-91F8-780B763864C0}"
EndProject
Project("{FAE04EC0-301F-11D3-BF4B-00C04F79EFBC}") = "Tyuiu.MalkovaMS.Sprint5.Task1.V10.Test", "Tyuiu.MalkovaMS.Sprint5.Task1.V10.Test\Tyuiu.MalkovaMS.Sprint5.Task1.V10.Test.csproj", "{F6E4F43B-BBCF-47E1-9C8B-90C725016980}"
EndProject
Project("{FAE04EC0-301F-11D3-BF4B-00C04F79EFBC}") = "Tyuiu.MalkovaMS.Sprint5.Task2.V14", "Tyuiu.MalkovaMS.Sprint5.Task2.V14\Tyuiu.MalkovaMS.Sprint5.Task2.V14.csproj", "{7C930CA9-2FD5-4292-839D-93F8E1277BF2}"
EndProject
Project("{FAE04EC0-301F-11D3-BF4B-00C04F79EFBC}") = "Tyuiu.MalkovaMS.Sprint5.Task2.V14.Lib", "Tyuiu.MalkovaMS.Sprint5.Task2.V14.Lib\Tyuiu.MalkovaMS.Sprint5.Task2.V14.Lib.csproj", "{EAF25587-207A-45D0-8AAD-F107FD6542D8}"
EndProject
Project("{FAE04EC0-301F-11D3-BF4B-00C04F79EFBC}") = "Tyuiu.MalkovaMS.Sprint5.Task2.V14.Test", "Tyuiu.MalkovaMS.Sprint5.Task2.V14.Test\Tyuiu.MalkovaMS.Sprint5.Task2.V14.Test.csproj", "{A4359036-F539-4172-8F67-BF0B45622EA8}"
EndProject
Project("{FAE04EC0-301F-11D3-BF4B-00C04F79EFBC}") = "Tyuiu.MalkovaMS.Sprint5.Task3.V28", "Tyuiu.MalkovaMS.Sprint5.Task3.V28\Tyuiu.MalkovaMS.Sprint5.Task3.V28.csproj", "{26143537-C605-4E13-8184-CBDC5840B0CD}"
EndProject
Project("{FAE04EC0-301F-11D3-BF4B-00C04F79EFBC}") = "Tyuiu.MalkovaMS.Sprint5.Task3.V28.Lib", "Tyuiu.MalkovaMS.Sprint5.Task3.V28.Lib\Tyuiu.MalkovaMS.Sprint5.Task3.V28.Lib.csproj", "{0D0D4C21-2D67-4B2A-94FC-61D29B764405}"
EndProject
Project("{FAE04EC0-301F-11D3-BF4B-00C04F79EFBC}") = "Tyuiu.MalkovaMS.Sprint5.Task3.V28.Test", "Tyuiu.MalkovaMS.Sprint5.Task3.V28.Test\Tyuiu.MalkovaMS.Sprint5.Task3.V28.Test.csproj", "{2E756358-B380-4D50-A95D-5777EF8C32C1}"
EndProject
Project("{FAE04EC0-301F-11D3-BF4B-00C04F79EFBC}") = "Tyuiu.MalkovaMS.Sprint5.Task4.V15", "Tyuiu.MalkovaMS.Sprint5.Task4.V15\Tyuiu.MalkovaMS.Sprint5.Task4.V15.csproj", "{BD8CA651-E19B-451F-8C95-904C4D98D9ED}"
EndProject
Project("{FAE04EC0-301F-11D3-BF4B-00C04F79EFBC}") = "Tyuiu.MalkovaMS.Sprint5.Task4.V15.Lib", "Tyuiu.MalkovaMS.Sprint5.Task4.V15.Lib\Tyuiu.MalkovaMS.Sprint5.Task4.V15.Lib.csproj", "{8FC522B2-D0DE-4EE9-8F6E-EBFA677E4543}"
EndProject
Project("{FAE04EC0-301F-11D3-BF4B-00C04F79EFBC}") = "Tyuiu.MalkovaMS.Sprint5.Task4.V15.Test", "Tyuiu.MalkovaMS.Sprint5.Task4.V15.Test\Tyuiu.MalkovaMS.Sprint5.Task4.V15.Test.csproj", "{F2BE8535-7068-45AC-A124-C8B146A87DDB}"
EndProject
Project("{FAE04EC0-301F-11D3-BF4B-00C04F79EFBC}") = "Tyuiu.MalkovaMS.Sprint5.Task5.V23", "Tyuiu.MalkovaMS.Sprint5.Task5.V23\Tyuiu.MalkovaMS.Sprint5.Task5.V23.csproj", "{C3C33166-922F-4DF8-BE98-8D979E82CF92}"
EndProject
Project("{FAE04EC0-301F-11D3-BF4B-00C04F79EFBC}") = "Tyuiu.MalkovaMS.Sprint5.Task5.V23.Lib", "Tyuiu.MalkovaMS.Sprint5.Task5.V23.Lib\Tyuiu.MalkovaMS.Sprint5.Task5.V23.Lib.csproj", "{803554EA-F5F9-4017-B3E8-C79F8F31412B}"
EndProject
Project("{FAE04EC0-301F-11D3-BF4B-00C04F79EFBC}") = "Tyuiu.MalkovaMS.Sprint5.Task5.V23.Test", "Tyuiu.MalkovaMS.Sprint5.Task5.V23.Test\Tyuiu.MalkovaMS.Sprint5.Task5.V23.Test.csproj", "{7093A827-C31F-4428-8187-42062938156C}"
EndProject
Project("{FAE04EC0-301F-11D3-BF4B-00C04F79EFBC}") = "Tyuiu.MalkovaMS.Sprint5.Task6.V25", "Tyuiu.MalkovaMS.Sprint5.Task6.V25\Tyuiu.MalkovaMS.Sprint5.Task6.V25.csproj", "{74FAA77F-03CE-47C1-B2A2-41D32DF1167B}"
EndProject
Project("{FAE04EC0-301F-11D3-BF4B-00C04F79EFBC}") = "Tyuiu.MalkovaMS.Sprint5.Task6.V25.Lib", "Tyuiu.MalkovaMS.Sprint5.Task6.V25.Lib\Tyuiu.MalkovaMS.Sprint5.Task6.V25.Lib.csproj", "{BDDDC4E8-A1A2-496F-A6D4-617B853EAE7D}"
EndProject
Project("{FAE04EC0-301F-11D3-BF4B-00C04F79EFBC}") = "Tyuiu.MalkovaMS.Sprint5.Task6.V25.Test", "Tyuiu.MalkovaMS.Sprint5.Task6.V25.Test\Tyuiu.MalkovaMS.Sprint5.Task6.V25.Test.csproj", "{2BED9DA3-E781-426C-AA3F-1D299E5F4235}"
EndProject
Project("{FAE04EC0-301F-11D3-BF4B-00C04F79EFBC}") = "Tyuiu.MalkovaMS.Sprint5.Task7.V10", "Tyuiu.MalkovaMS.Sprint5.Task7.V10\Tyuiu.MalkovaMS.Sprint5.Task7.V10.csproj", "{BF09D707-0B03-4C71-90ED-FE57160A6B8E}"
EndProject
Project("{FAE04EC0-301F-11D3-BF4B-00C04F79EFBC}") = "Tyuiu.MalkovaMS.Sprint5.Task7.V10.Lib", "Tyuiu.MalkovaMS.Sprint5.Task7.V10.Lib\Tyuiu.MalkovaMS.Sprint5.Task7.V10.Lib.csproj", "{24532571-C784-4ABA-8D4B-6E79C172E6D7}"
EndProject
Project("{FAE04EC0-301F-11D3-BF4B-00C04F79EFBC}") = "Tyuiu.MalkovaMS.Sprint5.Task7.V10.Test", "Tyuiu.MalkovaMS.Sprint5.Task7.V10.Test\Tyuiu.MalkovaMS.Sprint5.Task7.V10.Test.csproj", "{ED4B3B40-77DD-4B28-94B6-68B5A2A3CABB}"
EndProject
Global
	GlobalSection(SolutionConfigurationPlatforms) = preSolution
		Debug|Any CPU = Debug|Any CPU
		Release|Any CPU = Release|Any CPU
	EndGlobalSection
	GlobalSection(ProjectConfigurationPlatforms) = postSolution
		{E7F7405B-252D-4C55-8CA9-2B0B4C832AB5}.Debug|Any CPU.ActiveCfg = Debug|Any CPU
		{E7F7405B-252D-4C55-8CA9-2B0B4C832AB5}.Debug|Any CPU.Build.0 = Debug|Any CPU
		{E7F7405B-252D-4C55-8CA9-2B0B4C832AB5}.Release|Any CPU.ActiveCfg = Release|Any CPU
		{E7F7405B-252D-4C55-8CA9-2B0B4C832AB5}.Release|Any CPU.Build.0 = Release|Any CPU
		{EB4B3B72-79D1-4DC2-A8E5-AA2724EEC70A}.Debug|Any CPU.ActiveCfg = Debug|Any CPU
		{EB4B3B72-79D1-4DC2-A8E5-AA2724EEC70A}.Debug|Any CPU.Build.0 = Debug|Any CPU
		{EB4B3B72-79D1-4DC2-A8E5-AA2724EEC70A}.Release|Any CPU.ActiveCfg = Release|Any CPU
		{EB4B3B72-79D1-4DC2-A8E5-AA2724EEC70A}.Release|Any CPU.Build.0 = Release|Any CPU
		{7A466C3A-51FD-449B-B77A-62BE12EF4122}.Debug|Any CPU.ActiveCfg = Debug|Any CPU
		{7A466C3A-51FD-449B-B77A-62BE12EF4122}.Debug|Any CPU.Build.0 = Debug|Any CPU
		{7A466C3A-51FD-449B-B77A-62BE12EF4122}.Release|Any CPU.ActiveCfg = Release|Any CPU
		{7A466C3A-51FD-449B-B77A-62BE12EF4122}.Release|Any CPU.Build.0 = Release|Any CPU
		{7B581277-48CD-4E1D-AD71-8A9F10B83EAE}.Debug|Any CPU.ActiveCfg = Debug|Any CPU
		{7B581277-48CD-4E1D-AD71-8A9F10B83EAE}.Debug|Any CPU.Build.0 = Debug|Any CPU
		{7B581277-48CD-4E1D-AD71-8A9F10B83EAE}.Release|Any CPU.ActiveCfg = Release|Any CPU
		{7B581277-48CD-4E1D-AD71-8A9F10B83EAE}.Release|Any CPU.Build.0 = Release|Any CPU
		{E5368AB2-1B63-4883-91F8-780B763864C0}.Debug|Any CPU.ActiveCfg = Debug|Any CPU
		{E5368AB2-1B63-4883-91F8-780B763864C0}.Debug|Any CPU.Build.0 = Debug|Any CPU
		{E5368AB2-1B63-4883-91F8-780B763864C0}.Release|Any CPU.ActiveCfg = Release|Any CPU
		{E5368AB2-1B63-4883-91F8-780B763864C0}.Release|Any CPU.Build.0 = Release|Any CPU
		{F6E4F43B-BBCF-47E1-9C8B-90C725016980}.Debug|Any CPU.ActiveCfg = Debug|Any CPU
		{F6E4F43B-BBCF-47E1-9C8B-90C725016980}.Debug|Any CPU.Build.0 = Debug|Any CPU
		{F6E4F43B-BBCF-47E1-9C8B-90C725016980}.Release|Any CPU.ActiveCfg = Release|Any CPU
		{F6E4F43B-BBCF-47E1-9C8B-90C725016980}.Release|Any CPU.Build.0 = Release|Any CPU
		{7C930CA9-2FD5-4292-839D-93F8E1277BF2}.Debug|Any CPU.ActiveCfg = Debug|Any CPU
		{7C930CA9-2FD5-4292-839D-93F8E1277BF2}.Debug|Any CPU.Build.0 = Debug|Any CPU
		{7C930CA9-2FD5-4292-839D-93F8E1277BF2}.Release|Any CPU.ActiveCfg = Release|Any CPU
		{7C930CA9-2FD5-4292-839D-93F8E1277BF2}.Release|Any CPU.Build.0 = Release|Any CPU
		{EAF25587-207A-45D0-8AAD-F107FD6542D8}.Debug|Any CPU.ActiveCfg = Debug|Any CPU
		{EAF25587-207A-45D0-8AAD-F107FD6542D8}.Debug|Any CPU.Build.0 = Debug|Any CPU
		{EAF25587-207A-45D0-8AAD-F107FD6542D8}.Release|Any CPU.ActiveCfg = Release|Any CPU
		{EAF25587-207A-45D0-8AAD-F107FD6542D8}.Release|Any CPU.Build.0 = Release|Any CPU
		{A4359036-F539-4172-8F67-BF0B45622EA8}.Debug|Any CPU.ActiveCfg = Debug|Any CPU
		{A4359036-F539-4172-8F67-BF0B45622EA8}.Debug|Any CPU.Build.0 = Debug|Any CPU
		{A4359036-F539-4172-8F67-BF0B45622EA8}.Release|Any CPU.ActiveCfg = Release|Any CPU
		{A4359036-F539-4172-8F67-BF0B45622EA8}.Release|Any CPU.Build.0 = Release|Any CPU
		{26143537-C605-4E13-8184-CBDC5840B0CD}.Debug|Any CPU.ActiveCfg = Debug|Any CPU
		{26143537-C605-4E13-8184-CBDC5840B0CD}.Debug|Any CPU.Build.0 = Debug|Any CPU
		{26143537-C605-4E13-8184-CBDC5840B0CD}.Release|Any CPU.ActiveCfg = Release|Any CPU
		{26143537-C605-4E13-8184-CBDC5840B0CD}.Release|Any CPU.Build.0 = Release|Any CPU
		{0D0D4C21-2D67-4B2A-94FC-61D29B764405}.Debug|Any CPU.ActiveCfg = Debug|Any CPU
		{0D0D4C21-2D67-4B2A-94FC-61D29B764405}.Debug|Any CPU.Build.0 = Debug|Any CPU
		{0D0D4C21-2D67-4B2A-94FC-61D29B764405}.Release|Any CPU.ActiveCfg = Release|Any CPU
		{0D0D4C21-2D67-4B2A-94FC-61D29B764405}.Release|Any CPU.Build.0 = Release|Any CPU
		{2E756358-B380-4D50-A95D-5777EF8C32C1}.Debug|Any CPU.ActiveCfg = Debug|Any CPU
		{2E756358-B380-4D50-A95D-5777EF8C32C1}.Debug|Any CPU.Build.0 = Debug|Any CPU
		{2E756358-B380-4D50-A95D-5777EF8C32C1}.Release|Any CPU.ActiveCfg = Release|Any CPU
		{2E756358-B380-4D50-A95D-5777EF8C32C1}.Release|Any CPU.Build.0 = Release|Any CPU
		{BD8CA651-E19B-451F-8C95-904C4D98D9ED}.Debug|Any CPU.ActiveCfg = Debug|Any CPU
		{BD8CA651-E19B-451F-8C95-904C4D98D9ED}.Debug|Any CPU.Build.0 = Debug|Any CPU
		{BD8CA651-E19B-451F-8C95-904C4D98D9ED}.Release|Any CPU.ActiveCfg = Release|Any CPU
		{BD8CA651-E19B-451F-8C95-904C4D98D9ED}.Release|Any CPU.Build.0 = Release|Any CPU
		{8FC522B2-D0DE-4EE9-8F6E-EBFA677E4543}.Debug|Any CPU.ActiveCfg = Debug|Any CPU
		{8FC522B2-D0DE-4EE9-8F6E-EBFA677E4543}.Debug|Any CPU.Build.0 = Debug|Any CPU
		{8FC522B2-D0DE-4EE9-8F6E-EBFA677E4543}.Release|Any CPU.ActiveCfg = Release|Any CPU
		{8FC522B2-D0DE-4EE9-8F6E-EBFA677E4543}.Release|Any CPU.Build.0 = Release|Any CPU
		{F2BE8535-7068-45AC-A124-C8B146A87DDB}.Debug|Any CPU.ActiveCfg = Debug|Any CPU
		{F2BE8535-7068-45AC-A124-C8B146A87DDB}.Debug|Any CPU.Build.0 = Debug|Any CPU
		{F2BE8535-7068-45AC-A124-C8B146A87DDB}.Release|Any CPU.ActiveCfg = Release|Any CPU
		{F2BE8535-7068-45AC-A124-C8B146A87DDB}.Release|Any CPU.Build.0 = Release|Any CPU
		{C3C33166-922F-4DF8-BE98-8D979E82CF92}.Debug|Any CPU.ActiveCfg = Debug|Any CPU
		{C3C33166-922F-4DF8-BE98-8D979E82CF92}.Debug|Any CPU.Build.0 = Debug|Any CPU
		{C3C33166-922F-4DF8-BE98-8D979E82CF92}.Release|Any CPU.ActiveCfg = Release|Any CPU
		{C3C33166-922F-4DF8-BE98-8D979E82CF92}.Release|Any CPU.Build.0 = Release|Any CPU
		{803554EA-F5F9-4017-B3E8-C79F8F31412B}.Debug|Any CPU.ActiveCfg = Debug|Any CPU
		{803554EA-F5F9-4017-B3E8-C79F8F31412B}.Debug|Any CPU.Build.0 = Debug|Any CPU
		{803554EA-F5F9-4017-B3E8-C79F8F31412B}.Release|Any CPU.ActiveCfg = Release|Any CPU
		{803554EA-F5F9-4017-B3E8-C79F8F31412B}.Release|Any CPU.Build.0 = Release|Any CPU
		{7093A827-C31F-4428-8187-42062938156C}.Debug|Any CPU.ActiveCfg = Debug|Any CPU
		{7093A827-C31F-4428-8187-42062938156C}.Debug|Any CPU.Build.0 = Debug|Any CPU
		{7093A827-C31F-4428-8187-42062938156C}.Release|Any CPU.ActiveCfg = Release|Any CPU
		{7093A827-C31F-4428-8187-42062938156C}.Release|Any CPU.Build.0 = Release|Any CPU
		{74FAA77F-03CE-47C1-B2A2-41D32DF1167B}.Debug|Any CPU.ActiveCfg = Debug|Any CPU
		{74FAA77F-03CE-47C1-B2A2-41D32DF1167B}.Debug|Any CPU.Build.0 = Debug|Any CPU
		{74FAA77F-03CE-47C1-B2A2-41D32DF1167B}.Release|Any CPU.ActiveCfg = Release|Any CPU
		{74FAA77F-03CE-47C1-B2A2-41D32DF1167B}.Release|Any CPU.Build.0 = Release|Any CPU
		{BDDDC4E8-A1A2-496F-A6D4-617B853EAE7D}.Debug|Any CPU.ActiveCfg = Debug|Any CPU
		{BDDDC4E8-A1A2-496F-A6D4-617B853EAE7D}.Debug|Any CPU.Build.0 = Debug|Any CPU
		{BDDDC4E8-A1A2-496F-A6D4-617B853EAE7D}.Release|Any CPU.ActiveCfg = Release|Any CPU
		{BDDDC4E8-A1A2-496F-A6D4-617B853EAE7D}.Release|Any CPU.Build.0 = Release|Any CPU
		{2BED9DA3-E781-426C-AA3F-1D299E5F4235}.Debug|Any CPU.ActiveCfg = Debug|Any CPU
		{2BED9DA3-E781-426C-AA3F-1D299E5F4235}.Debug|Any CPU.Build.0 = Debug|Any CPU
		{2BED9DA3-E781-426C-AA3F-1D299E5F4235}.Release|Any CPU.ActiveCfg = Release|Any CPU
		{2BED9DA3-E781-426C-AA3F-1D299E5F4235}.Release|Any CPU.Build.0 = Release|Any CPU
		{BF09D707-0B03-4C71-90ED-FE57160A6B8E}.Debug|Any CPU.ActiveCfg = Debug|Any CPU
		{BF09D707-0B03-4C71-90ED-FE57160A6B8E}.Debug|Any CPU.Build.0 = Debug|Any CPU
		{BF09D707-0B03-4C71-90ED-FE57160A6B8E}.Release|Any CPU.ActiveCfg = Release|Any CPU
		{BF09D707-0B03-4C71-90ED-FE57160A6B8E}.Release|Any CPU.Build.0 = Release|Any CPU
		{24532571-C784-4ABA-8D4B-6E79C172E6D7}.Debug|Any CPU.ActiveCfg = Debug|Any CPU
		{24532571-C784-4ABA-8D4B-6E79C172E6D7}.Debug|Any CPU.Build.0 = Debug|Any CPU
		{24532571-C784-4ABA-8D4B-6E79C172E6D7}.Release|Any CPU.ActiveCfg = Release|Any CPU
		{24532571-C784-4ABA-8D4B-6E79C172E6D7}.Release|Any CPU.Build.0 = Release|Any CPU
		{ED4B3B40-77DD-4B28-94B6-68B5A2A3CABB}.Debug|Any CPU.ActiveCfg = Debug|Any CPU
		{ED4B3B40-77DD-4B28-94B6-68B5A2A3CABB}.Debug|Any CPU.Build.0 = Debug|Any CPU
		{ED4B3B40-77DD-4B28-94B6-68B5A2A3CABB}.Release|Any CPU.ActiveCfg = Release|Any CPU
		{ED4B3B40-77DD-4B28-94B6-68B5A2A3CABB}.Release|Any CPU.Build.0 = Release|Any CPU
	EndGlobalSection
	GlobalSection(SolutionProperties) = preSolution
		HideSolutionNode = FALSE
	EndGlobalSection
	GlobalSection(NestedProjects) = preSolution
		{E7F7405B-252D-4C55-8CA9-2B0B4C832AB5} = {02EA681E-C7D8-13C7-8484-4AC65E1B71E8}
		{EB4B3B72-79D1-4DC2-A8E5-AA2724EEC70A} = {02EA681E-C7D8-13C7-8484-4AC65E1B71E8}
		{7A466C3A-51FD-449B-B77A-62BE12EF4122} = {02EA681E-C7D8-13C7-8484-4AC65E1B71E8}
		{7B581277-48CD-4E1D-AD71-8A9F10B83EAE} = {0FCC15AD-6EF3-4C02-86A4-946DAD831B65}
		{E5368AB2-1B63-4883-91F8-780B763864C0} = {0FCC15AD-6EF3-4C02-86A4-946DAD831B65}
		{F6E4F43B-BBCF-47E1-9C8B-90C725016980} = {0FCC15AD-6EF3-4C02-86A4-946DAD831B65}
		{7C930CA9-2FD5-4292-839D-93F8E1277BF2} = {5FE29D05-E4DE-4AD7-B49B-D5A468C57B72}
		{EAF25587-207A-45D0-8AAD-F107FD6542D8} = {5FE29D05-E4DE-4AD7-B49B-D5A468C57B72}
		{A4359036-F539-4172-8F67-BF0B45622EA8} = {5FE29D05-E4DE-4AD7-B49B-D5A468C57B72}
		{26143537-C605-4E13-8184-CBDC5840B0CD} = {5BFC6687-E5AF-473A-8AA8-F9CE7C85B40B}
		{0D0D4C21-2D67-4B2A-94FC-61D29B764405} = {5BFC6687-E5AF-473A-8AA8-F9CE7C85B40B}
		{2E756358-B380-4D50-A95D-5777EF8C32C1} = {5BFC6687-E5AF-473A-8AA8-F9CE7C85B40B}
		{BD8CA651-E19B-451F-8C95-904C4D98D9ED} = {10B3B0BA-1F43-4DC8-BC6E-D49F1C2EA402}
		{8FC522B2-D0DE-4EE9-8F6E-EBFA677E4543} = {10B3B0BA-1F43-4DC8-BC6E-D49F1C2EA402}
		{F2BE8535-7068-45AC-A124-C8B146A87DDB} = {10B3B0BA-1F43-4DC8-BC6E-D49F1C2EA402}
		{C3C33166-922F-4DF8-BE98-8D979E82CF92} = {A36C44F8-3C56-4B94-BA14-33C3E5033F44}
		{803554EA-F5F9-4017-B3E8-C79F8F31412B} = {A36C44F8-3C56-4B94-BA14-33C3E5033F44}
		{7093A827-C31F-4428-8187-42062938156C} = {A36C44F8-3C56-4B94-BA14-33C3E5033F44}
		{74FAA77F-03CE-47C1-B2A2-41D32DF1167B} = {9ECE7BA3-CB91-4005-A409-4D7311868FD4}
		{BDDDC4E8-A1A2-496F-A6D4-617B853EAE7D} = {9ECE7BA3-CB91-4005-A409-4D7311868FD4}
		{2BED9DA3-E781-426C-AA3F-1D299E5F4235} = {9ECE7BA3-CB91-4005-A409-4D7311868FD4}
		{BF09D707-0B03-4C71-90ED-FE57160A6B8E} = {AEA4FC4C-1733-43E6-89D0-0A0C6D74F235}
		{24532571-C784-4ABA-8D4B-6E79C172E6D7} = {AEA4FC4C-1733-43E6-89D0-0A0C6D74F235}
		{ED4B3B40-77DD-4B28-94B6-68B5A2A3CABB} = {AEA4FC4C-1733-43E6-89D0-0A0C6D74F235}
	EndGlobalSection
	GlobalSection(ExtensibilityGlobals) = postSolution
		SolutionGuid = {B43D3F22-F309-485E-A253-865B7233A23C}
	EndGlobalSection
EndGlobal
